
Microsoft Visual Studio Solution File, Format Version 12.00
# Visual Studio Version 17
VisualStudioVersion = 17.10.35027.167
MinimumVisualStudioVersion = 10.0.40219.1
Project("{FAE04EC0-301F-11D3-BF4B-00C04F79EFBC}") = "pryTissera_Gestion", "pryTissera_Gestion\pryTissera_Gestion.csproj", "{6E117910-500B-4A76-8EAC-49218409CE72}"
EndProject
Global
	GlobalSection(SolutionConfigurationPlatforms) = preSolution
		Debug|Any CPU = Debug|Any CPU
		Release|Any CPU = Release|Any CPU
	EndGlobalSection
	GlobalSection(ProjectConfigurationPlatforms) = postSolution
		{6E117910-500B-4A76-8EAC-49218409CE72}.Debug|Any CPU.ActiveCfg = Debug|Any CPU
		{6E117910-500B-4A76-8EAC-49218409CE72}.Debug|Any CPU.Build.0 = Debug|Any CPU
		{6E117910-500B-4A76-8EAC-49218409CE72}.Release|Any CPU.ActiveCfg = Release|Any CPU
		{6E117910-500B-4A76-8EAC-49218409CE72}.Release|Any CPU.Build.0 = Release|Any CPU
	EndGlobalSection
	GlobalSection(SolutionProperties) = preSolution
		HideSolutionNode = FALSE
	EndGlobalSection
	GlobalSection(ExtensibilityGlobals) = postSolution
		SolutionGuid = {0C50582C-FA1C-41FF-BFAD-5F11F8A2B30A}
	EndGlobalSection
EndGlobal
